
Microsoft Visual Studio Solution File, Format Version 12.00
Project("{FAE04EC0-301F-11D3-BF4B-00C04F79EFBC}") = "futebol", "futebol\futebol.csproj", "{DFBE093D-5277-4B37-BC01-F0DD508FB703}"
EndProject
Global
	GlobalSection(SolutionConfigurationPlatforms) = preSolution
		Debug|Any CPU = Debug|Any CPU
		Release|Any CPU = Release|Any CPU
	EndGlobalSection
	GlobalSection(ProjectConfigurationPlatforms) = postSolution
		{DFBE093D-5277-4B37-BC01-F0DD508FB703}.Debug|Any CPU.ActiveCfg = Debug|Any CPU
		{DFBE093D-5277-4B37-BC01-F0DD508FB703}.Debug|Any CPU.Build.0 = Debug|Any CPU
		{DFBE093D-5277-4B37-BC01-F0DD508FB703}.Release|Any CPU.ActiveCfg = Release|Any CPU
		{DFBE093D-5277-4B37-BC01-F0DD508FB703}.Release|Any CPU.Build.0 = Release|Any CPU
	EndGlobalSection
EndGlobal
